
Microsoft Visual Studio Solution File, Format Version 12.00
# Visual Studio Version 17
VisualStudioVersion = 17.2.32616.157
MinimumVisualStudioVersion = 10.0.40219.1
Project("{FAE04EC0-301F-11D3-BF4B-00C04F79EFBC}") = "PracticeOceanProject", "PracticeOceanProject\PracticeOceanProject.csproj", "{CCC519B3-2206-4DC5-9B52-9EF1C4CE992F}"
EndProject
Project("{FAE04EC0-301F-11D3-BF4B-00C04F79EFBC}") = "OceanBusinessLogic", "OceanBusinessLogic\OceanBusinessLogic.csproj", "{9A57C49F-75D3-4570-BD0E-D7AE01A4531E}"
EndProject
Project("{FAE04EC0-301F-11D3-BF4B-00C04F79EFBC}") = "OceanOnLibrarySetup", "OceanSetupFrom_dll\OceanOnLibrarySetup.csproj", "{B2AB5256-E5DA-42D8-84CB-579D1627CFBC}"
EndProject
Project("{FAE04EC0-301F-11D3-BF4B-00C04F79EFBC}") = "OceanWinForms", "OceanWinForms\OceanWinForms.csproj", "{C1059DEB-1CE3-4DC7-9C5F-17DEDF81ACFF}"
EndProject
Global
	GlobalSection(SolutionConfigurationPlatforms) = preSolution
		Debug|Any CPU = Debug|Any CPU
		Release|Any CPU = Release|Any CPU
	EndGlobalSection
	GlobalSection(ProjectConfigurationPlatforms) = postSolution
		{CCC519B3-2206-4DC5-9B52-9EF1C4CE992F}.Debug|Any CPU.ActiveCfg = Debug|Any CPU
		{CCC519B3-2206-4DC5-9B52-9EF1C4CE992F}.Debug|Any CPU.Build.0 = Debug|Any CPU
		{CCC519B3-2206-4DC5-9B52-9EF1C4CE992F}.Release|Any CPU.ActiveCfg = Release|Any CPU
		{CCC519B3-2206-4DC5-9B52-9EF1C4CE992F}.Release|Any CPU.Build.0 = Release|Any CPU
		{9A57C49F-75D3-4570-BD0E-D7AE01A4531E}.Debug|Any CPU.ActiveCfg = Debug|Any CPU
		{9A57C49F-75D3-4570-BD0E-D7AE01A4531E}.Debug|Any CPU.Build.0 = Debug|Any CPU
		{9A57C49F-75D3-4570-BD0E-D7AE01A4531E}.Release|Any CPU.ActiveCfg = Release|Any CPU
		{9A57C49F-75D3-4570-BD0E-D7AE01A4531E}.Release|Any CPU.Build.0 = Release|Any CPU
		{B2AB5256-E5DA-42D8-84CB-579D1627CFBC}.Debug|Any CPU.ActiveCfg = Debug|Any CPU
		{B2AB5256-E5DA-42D8-84CB-579D1627CFBC}.Debug|Any CPU.Build.0 = Debug|Any CPU
		{B2AB5256-E5DA-42D8-84CB-579D1627CFBC}.Release|Any CPU.ActiveCfg = Release|Any CPU
		{B2AB5256-E5DA-42D8-84CB-579D1627CFBC}.Release|Any CPU.Build.0 = Release|Any CPU
		{C1059DEB-1CE3-4DC7-9C5F-17DEDF81ACFF}.Debug|Any CPU.ActiveCfg = Debug|Any CPU
		{C1059DEB-1CE3-4DC7-9C5F-17DEDF81ACFF}.Debug|Any CPU.Build.0 = Debug|Any CPU
		{C1059DEB-1CE3-4DC7-9C5F-17DEDF81ACFF}.Release|Any CPU.ActiveCfg = Release|Any CPU
		{C1059DEB-1CE3-4DC7-9C5F-17DEDF81ACFF}.Release|Any CPU.Build.0 = Release|Any CPU
	EndGlobalSection
	GlobalSection(SolutionProperties) = preSolution
		HideSolutionNode = FALSE
	EndGlobalSection
	GlobalSection(ExtensibilityGlobals) = postSolution
		SolutionGuid = {AF8C902C-BDAD-48F8-9F19-5A4FD328D98E}
	EndGlobalSection
EndGlobal
